// !$*UTF8*$!
{
	archiveVersion = 1;
	classes = {
	};
	objectVersion = 50;
	objects = {

/* Begin PBXBuildFile section */
		5202DE7B23E76F1D00F6C468 /* CalculatorBrain.swift in Sources */ = {isa = PBXBuildFile; fileRef = 5202DE7A23E76F1D00F6C468 /* CalculatorBrain.swift */; };
		5209AD1623E574A5008381F7 /* AppDelegate.swift in Sources */ = {isa = PBXBuildFile; fileRef = 5209AD1523E574A5008381F7 /* AppDelegate.swift */; };
		5209AD1823E574A5008381F7 /* SceneDelegate.swift in Sources */ = {isa = PBXBuildFile; fileRef = 5209AD1723E574A5008381F7 /* SceneDelegate.swift */; };
		5209AD1A23E574A5008381F7 /* ViewController.swift in Sources */ = {isa = PBXBuildFile; fileRef = 5209AD1923E574A5008381F7 /* ViewController.swift */; };
		5209AD1D23E574A5008381F7 /* Main.storyboard in Resources */ = {isa = PBXBuildFile; fileRef = 5209AD1B23E574A5008381F7 /* Main.storyboard */; };
		5209AD1F23E574A8008381F7 /* Assets.xcassets in Resources */ = {isa = PBXBuildFile; fileRef = 5209AD1E23E574A8008381F7 /* Assets.xcassets */; };
		5209AD2223E574A8008381F7 /* LaunchScreen.storyboard in Resources */ = {isa = PBXBuildFile; fileRef = 5209AD2023E574A8008381F7 /* LaunchScreen.storyboard */; };
		5209AD2D23E574A8008381F7 /* CalculatorTests.swift in Sources */ = {isa = PBXBuildFile; fileRef = 5209AD2C23E574A8008381F7 /* CalculatorTests.swift */; };
		5209AD3823E574A8008381F7 /* CalculatorUITests.swift in Sources */ = {isa = PBXBuildFile; fileRef = 5209AD3723E574A8008381F7 /* CalculatorUITests.swift */; };
/* End PBXBuildFile section */

/* Begin PBXContainerItemProxy section */
		5209AD2923E574A8008381F7 /* PBXContainerItemProxy */ = {
			isa = PBXContainerItemProxy;
			containerPortal = 5209AD0A23E574A5008381F7 /* Project object */;
			proxyType = 1;
			remoteGlobalIDString = 5209AD1123E574A5008381F7;
			remoteInfo = Calculator;
		};
		5209AD3423E574A8008381F7 /* PBXContainerItemProxy */ = {
			isa = PBXContainerItemProxy;
			containerPortal = 5209AD0A23E574A5008381F7 /* Project object */;
			proxyType = 1;
			remoteGlobalIDString = 5209AD1123E574A5008381F7;
			remoteInfo = Calculator;
		};
/* End PBXContainerItemProxy section */

/* Begin PBXFileReference section */
		5202DE7A23E76F1D00F6C468 /* CalculatorBrain.swift */ = {isa = PBXFileReference; lastKnownFileType = sourcecode.swift; path = CalculatorBrain.swift; sourceTree = "<group>"; };
		5209AD1223E574A5008381F7 /* Calculator.app */ = {isa = PBXFileReference; explicitFileType = wrapper.application; includeInIndex = 0; path = Calculator.app; sourceTree = BUILT_PRODUCTS_DIR; };
		5209AD1523E574A5008381F7 /* AppDelegate.swift */ = {isa = PBXFileReference; lastKnownFileType = sourcecode.swift; path = AppDelegate.swift; sourceTree = "<group>"; };
		5209AD1723E574A5008381F7 /* SceneDelegate.swift */ = {isa = PBXFileReference; lastKnownFileType = sourcecode.swift; path = SceneDelegate.swift; sourceTree = "<group>"; };
		5209AD1923E574A5008381F7 /* ViewController.swift */ = {isa = PBXFileReference; lastKnownFileType = sourcecode.swift; path = ViewController.swift; sourceTree = "<group>"; };
		5209AD1C23E574A5008381F7 /* Base */ = {isa = PBXFileReference; lastKnownFileType = file.storyboard; name = Base; path = Base.lproj/Main.storyboard; sourceTree = "<group>"; };
		5209AD1E23E574A8008381F7 /* Assets.xcassets */ = {isa = PBXFileReference; lastKnownFileType = folder.assetcatalog; path = Assets.xcassets; sourceTree = "<group>"; };
		5209AD2123E574A8008381F7 /* Base */ = {isa = PBXFileReference; lastKnownFileType = file.storyboard; name = Base; path = Base.lproj/LaunchScreen.storyboard; sourceTree = "<group>"; };
		5209AD2323E574A8008381F7 /* Info.plist */ = {isa = PBXFileReference; lastKnownFileType = text.plist.xml; path = Info.plist; sourceTree = "<group>"; };
		5209AD2823E574A8008381F7 /* CalculatorTests.xctest */ = {isa = PBXFileReference; explicitFileType = wrapper.cfbundle; includeInIndex = 0; path = CalculatorTests.xctest; sourceTree = BUILT_PRODUCTS_DIR; };
		5209AD2C23E574A8008381F7 /* CalculatorTests.swift */ = {isa = PBXFileReference; lastKnownFileType = sourcecode.swift; path = CalculatorTests.swift; sourceTree = "<group>"; };
		5209AD2E23E574A8008381F7 /* Info.plist */ = {isa = PBXFileReference; lastKnownFileType = text.plist.xml; path = Info.plist; sourceTree = "<group>"; };
		5209AD3323E574A8008381F7 /* CalculatorUITests.xctest */ = {isa = PBXFileReference; explicitFileType = wrapper.cfbundle; includeInIndex = 0; path = CalculatorUITests.xctest; sourceTree = BUILT_PRODUCTS_DIR; };
		5209AD3723E574A8008381F7 /* CalculatorUITests.swift */ = {isa = PBXFileReference; lastKnownFileType = sourcecode.swift; path = CalculatorUITests.swift; sourceTree = "<group>"; };
		5209AD3923E574A8008381F7 /* Info.plist */ = {isa = PBXFileReference; lastKnownFileType = text.plist.xml; path = Info.plist; sourceTree = "<group>"; };
/* End PBXFileReference section */

/* Begin PBXFrameworksBuildPhase section */
		5209AD0F23E574A5008381F7 /* Frameworks */ = {
			isa = PBXFrameworksBuildPhase;
			buildActionMask = 2147483647;
			files = (
			);
			runOnlyForDeploymentPostprocessing = 0;
		};
		5209AD2523E574A8008381F7 /* Frameworks */ = {
			isa = PBXFrameworksBuildPhase;
			buildActionMask = 2147483647;
			files = (
			);
			runOnlyForDeploymentPostprocessing = 0;
		};
		5209AD3023E574A8008381F7 /* Frameworks */ = {
			isa = PBXFrameworksBuildPhase;
			buildActionMask = 2147483647;
			files = (
			);
			runOnlyForDeploymentPostprocessing = 0;
		};
/* End PBXFrameworksBuildPhase section */

/* Begin PBXGroup section */
		5202DE7923E76E8200F6C468 /* Model */ = {
			isa = PBXGroup;
			children = (
				5202DE7A23E76F1D00F6C468 /* CalculatorBrain.swift */,
			);
			path = Model;
			sourceTree = "<group>";
		};
		5209AD0923E574A5008381F7 = {
			isa = PBXGroup;
			children = (
				5209AD1423E574A5008381F7 /* Calculator */,
				5209AD2B23E574A8008381F7 /* CalculatorTests */,
				5209AD3623E574A8008381F7 /* CalculatorUITests */,
				5209AD1323E574A5008381F7 /* Products */,
			);
			sourceTree = "<group>";
		};
		5209AD1323E574A5008381F7 /* Products */ = {
			isa = PBXGroup;
			children = (
				5209AD1223E574A5008381F7 /* Calculator.app */,
				5209AD2823E574A8008381F7 /* CalculatorTests.xctest */,
				5209AD3323E574A8008381F7 /* CalculatorUITests.xctest */,
			);
			name = Products;
			sourceTree = "<group>";
		};
		5209AD1423E574A5008381F7 /* Calculator */ = {
			isa = PBXGroup;
			children = (
				5202DE7923E76E8200F6C468 /* Model */,
				5209AD1523E574A5008381F7 /* AppDelegate.swift */,
				5209AD1723E574A5008381F7 /* SceneDelegate.swift */,
				5209AD1923E574A5008381F7 /* ViewController.swift */,
				5209AD1B23E574A5008381F7 /* Main.storyboard */,
				5209AD1E23E574A8008381F7 /* Assets.xcassets */,
				5209AD2023E574A8008381F7 /* LaunchScreen.storyboard */,
				5209AD2323E574A8008381F7 /* Info.plist */,
			);
			path = Calculator;
			sourceTree = "<group>";
		};
		5209AD2B23E574A8008381F7 /* CalculatorTests */ = {
			isa = PBXGroup;
			children = (
				5209AD2C23E574A8008381F7 /* CalculatorTests.swift */,
				5209AD2E23E574A8008381F7 /* Info.plist */,
			);
			path = CalculatorTests;
			sourceTree = "<group>";
		};
		5209AD3623E574A8008381F7 /* CalculatorUITests */ = {
			isa = PBXGroup;
			children = (
				5209AD3723E574A8008381F7 /* CalculatorUITests.swift */,
				5209AD3923E574A8008381F7 /* Info.plist */,
			);
			path = CalculatorUITests;
			sourceTree = "<group>";
		};
/* End PBXGroup section */

/* Begin PBXNativeTarget section */
		5209AD1123E574A5008381F7 /* Calculator */ = {
			isa = PBXNativeTarget;
			buildConfigurationList = 5209AD3C23E574A8008381F7 /* Build configuration list for PBXNativeTarget "Calculator" */;
			buildPhases = (
				5209AD0E23E574A5008381F7 /* Sources */,
				5209AD0F23E574A5008381F7 /* Frameworks */,
				5209AD1023E574A5008381F7 /* Resources */,
			);
			buildRules = (
			);
			dependencies = (
			);
			name = Calculator;
			productName = Calculator;
			productReference = 5209AD1223E574A5008381F7 /* Calculator.app */;
			productType = "com.apple.product-type.application";
		};
		5209AD2723E574A8008381F7 /* CalculatorTests */ = {
			isa = PBXNativeTarget;
			buildConfigurationList = 5209AD3F23E574A8008381F7 /* Build configuration list for PBXNativeTarget "CalculatorTests" */;
			buildPhases = (
				5209AD2423E574A8008381F7 /* Sources */,
				5209AD2523E574A8008381F7 /* Frameworks */,
				5209AD2623E574A8008381F7 /* Resources */,
			);
			buildRules = (
			);
			dependencies = (
				5209AD2A23E574A8008381F7 /* PBXTargetDependency */,
			);
			name = CalculatorTests;
			productName = CalculatorTests;
			productReference = 5209AD2823E574A8008381F7 /* CalculatorTests.xctest */;
			productType = "com.apple.product-type.bundle.unit-test";
		};
		5209AD3223E574A8008381F7 /* CalculatorUITests */ = {
			isa = PBXNativeTarget;
			buildConfigurationList = 5209AD4223E574A8008381F7 /* Build configuration list for PBXNativeTarget "CalculatorUITests" */;
			buildPhases = (
				5209AD2F23E574A8008381F7 /* Sources */,
				5209AD3023E574A8008381F7 /* Frameworks */,
				5209AD3123E574A8008381F7 /* Resources */,
			);
			buildRules = (
			);
			dependencies = (
				5209AD3523E574A8008381F7 /* PBXTargetDependency */,
			);
			name = CalculatorUITests;
			productName = CalculatorUITests;
			productReference = 5209AD3323E574A8008381F7 /* CalculatorUITests.xctest */;
			productType = "com.apple.product-type.bundle.ui-testing";
		};
/* End PBXNativeTarget section */

/* Begin PBXProject section */
		5209AD0A23E574A5008381F7 /* Project object */ = {
			isa = PBXProject;
			attributes = {
				LastSwiftUpdateCheck = 1130;
				LastUpgradeCheck = 1130;
				ORGANIZATIONNAME = kbtu;
				TargetAttributes = {
					5209AD1123E574A5008381F7 = {
						CreatedOnToolsVersion = 11.3.1;
					};
					5209AD2723E574A8008381F7 = {
						CreatedOnToolsVersion = 11.3.1;
						TestTargetID = 5209AD1123E574A5008381F7;
					};
					5209AD3223E574A8008381F7 = {
						CreatedOnToolsVersion = 11.3.1;
						TestTargetID = 5209AD1123E574A5008381F7;
					};
				};
			};
			buildConfigurationList = 5209AD0D23E574A5008381F7 /* Build configuration list for PBXProject "Calculator" */;
			compatibilityVersion = "Xcode 9.3";
			developmentRegion = en;
			hasScannedForEncodings = 0;
			knownRegions = (
				en,
				Base,
			);
			mainGroup = 5209AD0923E574A5008381F7;
			productRefGroup = 5209AD1323E574A5008381F7 /* Products */;
			projectDirPath = "";
			projectRoot = "";
			targets = (
				5209AD1123E574A5008381F7 /* Calculator */,
				5209AD2723E574A8008381F7 /* CalculatorTests */,
				5209AD3223E574A8008381F7 /* CalculatorUITests */,
			);
		};
/* End PBXProject section */

/* Begin PBXResourcesBuildPhase section */
		5209AD1023E574A5008381F7 /* Resources */ = {
			isa = PBXResourcesBuildPhase;
			buildActionMask = 2147483647;
			files = (
				5209AD2223E574A8008381F7 /* LaunchScreen.storyboard in Resources */,
				5209AD1F23E574A8008381F7 /* Assets.xcassets in Resources */,
				5209AD1D23E574A5008381F7 /* Main.storyboard in Resources */,
			);
			runOnlyForDeploymentPostprocessing = 0;
		};
		5209AD2623E574A8008381F7 /* Resources */ = {
			isa = PBXResourcesBuildPhase;
			buildActionMask = 2147483647;
			files = (
			);
			runOnlyForDeploymentPostprocessing = 0;
		};
		5209AD3123E574A8008381F7 /* Resources */ = {
			isa = PBXResourcesBuildPhase;
			buildActionMask = 2147483647;
			files = (
			);
			runOnlyForDeploymentPostprocessing = 0;
		};
/* End PBXResourcesBuildPhase section */

/* Begin PBXSourcesBuildPhase section */
		5209AD0E23E574A5008381F7 /* Sources */ = {
			isa = PBXSourcesBuildPhase;
			buildActionMask = 2147483647;
			files = (
				5209AD1A23E574A5008381F7 /* ViewController.swift in Sources */,
				5202DE7B23E76F1D00F6C468 /* CalculatorBrain.swift in Sources */,
				5209AD1623E574A5008381F7 /* AppDelegate.swift in Sources */,
				5209AD1823E574A5008381F7 /* SceneDelegate.swift in Sources */,
			);
			runOnlyForDeploymentPostprocessing = 0;
		};
		5209AD2423E574A8008381F7 /* Sources */ = {
			isa = PBXSourcesBuildPhase;
			buildActionMask = 2147483647;
			files = (
				5209AD2D23E574A8008381F7 /* CalculatorTests.swift in Sources */,
			);
			runOnlyForDeploymentPostprocessing = 0;
		};
		5209AD2F23E574A8008381F7 /* Sources */ = {
			isa = PBXSourcesBuildPhase;
			buildActionMask = 2147483647;
			files = (
				5209AD3823E574A8008381F7 /* CalculatorUITests.swift in Sources */,
			);
			runOnlyForDeploymentPostprocessing = 0;
		};
/* End PBXSourcesBuildPhase section */

/* Begin PBXTargetDependency section */
		5209AD2A23E574A8008381F7 /* PBXTargetDependency */ = {
			isa = PBXTargetDependency;
			target = 5209AD1123E574A5008381F7 /* Calculator */;
			targetProxy = 5209AD2923E574A8008381F7 /* PBXContainerItemProxy */;
		};
		5209AD3523E574A8008381F7 /* PBXTargetDependency */ = {
			isa = PBXTargetDependency;
			target = 5209AD1123E574A5008381F7 /* Calculator */;
			targetProxy = 5209AD3423E574A8008381F7 /* PBXContainerItemProxy */;
		};
/* End PBXTargetDependency section */

/* Begin PBXVariantGroup section */
		5209AD1B23E574A5008381F7 /* Main.storyboard */ = {
			isa = PBXVariantGroup;
			children = (
				5209AD1C23E574A5008381F7 /* Base */,
			);
			name = Main.storyboard;
			sourceTree = "<group>";
		};
		5209AD2023E574A8008381F7 /* LaunchScreen.storyboard */ = {
			isa = PBXVariantGroup;
			children = (
				5209AD2123E574A8008381F7 /* Base */,
			);
			name = LaunchScreen.storyboard;
			sourceTree = "<group>";
		};
/* End PBXVariantGroup section */

/* Begin XCBuildConfiguration section */
		5209AD3A23E574A8008381F7 /* Debug */ = {
			isa = XCBuildConfiguration;
			buildSettings = {
				ALWAYS_SEARCH_USER_PATHS = NO;
				CLANG_ANALYZER_NONNULL = YES;
				CLANG_ANALYZER_NUMBER_OBJECT_CONVERSION = YES_AGGRESSIVE;
				CLANG_CXX_LANGUAGE_STANDARD = "gnu++14";
				CLANG_CXX_LIBRARY = "libc++";
				CLANG_ENABLE_MODULES = YES;
				CLANG_ENABLE_OBJC_ARC = YES;
				CLANG_ENABLE_OBJC_WEAK = YES;
				CLANG_WARN_BLOCK_CAPTURE_AUTORELEASING = YES;
				CLANG_WARN_BOOL_CONVERSION = YES;
				CLANG_WARN_COMMA = YES;
				CLANG_WARN_CONSTANT_CONVERSION = YES;
				CLANG_WARN_DEPRECATED_OBJC_IMPLEMENTATIONS = YES;
				CLANG_WARN_DIRECT_OBJC_ISA_USAGE = YES_ERROR;
				CLANG_WARN_DOCUMENTATION_COMMENTS = YES;
				CLANG_WARN_EMPTY_BODY = YES;
				CLANG_WARN_ENUM_CONVERSION = YES;
				CLANG_WARN_INFINITE_RECURSION = YES;
				CLANG_WARN_INT_CONVERSION = YES;
				CLANG_WARN_NON_LITERAL_NULL_CONVERSION = YES;
				CLANG_WARN_OBJC_IMPLICIT_RETAIN_SELF = YES;
				CLANG_WARN_OBJC_LITERAL_CONVERSION = YES;
				CLANG_WARN_OBJC_ROOT_CLASS = YES_ERROR;
				CLANG_WARN_RANGE_LOOP_ANALYSIS = YES;
				CLANG_WARN_STRICT_PROTOTYPES = YES;
				CLANG_WARN_SUSPICIOUS_MOVE = YES;
				CLANG_WARN_UNGUARDED_AVAILABILITY = YES_AGGRESSIVE;
				CLANG_WARN_UNREACHABLE_CODE = YES;
				CLANG_WARN__DUPLICATE_METHOD_MATCH = YES;
				COPY_PHASE_STRIP = NO;
				DEBUG_INFORMATION_FORMAT = dwarf;
				ENABLE_STRICT_OBJC_MSGSEND = YES;
				ENABLE_TESTABILITY = YES;
				GCC_C_LANGUAGE_STANDARD = gnu11;
				GCC_DYNAMIC_NO_PIC = NO;
				GCC_NO_COMMON_BLOCKS = YES;
				GCC_OPTIMIZATION_LEVEL = 0;
				GCC_PREPROCESSOR_DEFINITIONS = (
					"DEBUG=1",
					"$(inherited)",
				);
				GCC_WARN_64_TO_32_BIT_CONVERSION = YES;
				GCC_WARN_ABOUT_RETURN_TYPE = YES_ERROR;
				GCC_WARN_UNDECLARED_SELECTOR = YES;
				GCC_WARN_UNINITIALIZED_AUTOS = YES_AGGRESSIVE;
				GCC_WARN_UNUSED_FUNCTION = YES;
				GCC_WARN_UNUSED_VARIABLE = YES;
				IPHONEOS_DEPLOYMENT_TARGET = 13.2;
				MTL_ENABLE_DEBUG_INFO = INCLUDE_SOURCE;
				MTL_FAST_MATH = YES;
				ONLY_ACTIVE_ARCH = YES;
				SDKROOT = iphoneos;
				SWIFT_ACTIVE_COMPILATION_CONDITIONS = DEBUG;
				SWIFT_OPTIMIZATION_LEVEL = "-Onone";
			};
			name = Debug;
		};
		5209AD3B23E574A8008381F7 /* Release */ = {
			isa = XCBuildConfiguration;
			buildSettings = {
				ALWAYS_SEARCH_USER_PATHS = NO;
				CLANG_ANALYZER_NONNULL = YES;
				CLANG_ANALYZER_NUMBER_OBJECT_CONVERSION = YES_AGGRESSIVE;
				CLANG_CXX_LANGUAGE_STANDARD = "gnu++14";
				CLANG_CXX_LIBRARY = "libc++";
				CLANG_ENABLE_MODULES = YES;
				CLANG_ENABLE_OBJC_ARC = YES;
				CLANG_ENABLE_OBJC_WEAK = YES;
				CLANG_WARN_BLOCK_CAPTURE_AUTORELEASING = YES;
				CLANG_WARN_BOOL_CONVERSION = YES;
				CLANG_WARN_COMMA = YES;
				CLANG_WARN_CONSTANT_CONVERSION = YES;
				CLANG_WARN_DEPRECATED_OBJC_IMPLEMENTATIONS = YES;
				CLANG_WARN_DIRECT_OBJC_ISA_USAGE = YES_ERROR;
				CLANG_WARN_DOCUMENTATION_COMMENTS = YES;
				CLANG_WARN_EMPTY_BODY = YES;
				CLANG_WARN_ENUM_CONVERSION = YES;
				CLANG_WARN_INFINITE_RECURSION = YES;
				CLANG_WARN_INT_CONVERSION = YES;
				CLANG_WARN_NON_LITERAL_NULL_CONVERSION = YES;
				CLANG_WARN_OBJC_IMPLICIT_RETAIN_SELF = YES;
				CLANG_WARN_OBJC_LITERAL_CONVERSION = YES;
				CLANG_WARN_OBJC_ROOT_CLASS = YES_ERROR;
				CLANG_WARN_RANGE_LOOP_ANALYSIS = YES;
				CLANG_WARN_STRICT_PROTOTYPES = YES;
				CLANG_WARN_SUSPICIOUS_MOVE = YES;
				CLANG_WARN_UNGUARDED_AVAILABILITY = YES_AGGRESSIVE;
				CLANG_WARN_UNREACHABLE_CODE = YES;
				CLANG_WARN__DUPLICATE_METHOD_MATCH = YES;
				COPY_PHASE_STRIP = NO;
				DEBUG_INFORMATION_FORMAT = "dwarf-with-dsym";
				ENABLE_NS_ASSERTIONS = NO;
				ENABLE_STRICT_OBJC_MSGSEND = YES;
				GCC_C_LANGUAGE_STANDARD = gnu11;
				GCC_NO_COMMON_BLOCKS = YES;
				GCC_WARN_64_TO_32_BIT_CONVERSION = YES;
				GCC_WARN_ABOUT_RETURN_TYPE = YES_ERROR;
				GCC_WARN_UNDECLARED_SELECTOR = YES;
				GCC_WARN_UNINITIALIZED_AUTOS = YES_AGGRESSIVE;
				GCC_WARN_UNUSED_FUNCTION = YES;
				GCC_WARN_UNUSED_VARIABLE = YES;
				IPHONEOS_DEPLOYMENT_TARGET = 13.2;
				MTL_ENABLE_DEBUG_INFO = NO;
				MTL_FAST_MATH = YES;
				SDKROOT = iphoneos;
				SWIFT_COMPILATION_MODE = wholemodule;
				SWIFT_OPTIMIZATION_LEVEL = "-O";
				VALIDATE_PRODUCT = YES;
			};
			name = Release;
		};
		5209AD3D23E574A8008381F7 /* Debug */ = {
			isa = XCBuildConfiguration;
			buildSettings = {
				ASSETCATALOG_COMPILER_APPICON_NAME = AppIcon;
				CODE_SIGN_STYLE = Automatic;
				INFOPLIST_FILE = Calculator/Info.plist;
				LD_RUNPATH_SEARCH_PATHS = (
					"$(inherited)",
					"@executable_path/Frameworks",
				);
				PRODUCT_BUNDLE_IDENTIFIER = edu.kbtu.Calculator;
				PRODUCT_NAME = "$(TARGET_NAME)";
				SWIFT_VERSION = 5.0;
				TARGETED_DEVICE_FAMILY = "1,2";
			};
			name = Debug;
		};
		5209AD3E23E574A8008381F7 /* Release */ = {
			isa = XCBuildConfiguration;
			buildSettings = {
				ASSETCATALOG_COMPILER_APPICON_NAME = AppIcon;
				CODE_SIGN_STYLE = Automatic;
				INFOPLIST_FILE = Calculator/Info.plist;
				LD_RUNPATH_SEARCH_PATHS = (
					"$(inherited)",
					"@executable_path/Frameworks",
				);
				PRODUCT_BUNDLE_IDENTIFIER = edu.kbtu.Calculator;
				PRODUCT_NAME = "$(TARGET_NAME)";
				SWIFT_VERSION = 5.0;
				TARGETED_DEVICE_FAMILY = "1,2";
			};
			name = Release;
		};
		5209AD4023E574A8008381F7 /* Debug */ = {
			isa = XCBuildConfiguration;
			buildSettings = {
				ALWAYS_EMBED_SWIFT_STANDARD_LIBRARIES = YES;
				BUNDLE_LOADER = "$(TEST_HOST)";
				CODE_SIGN_STYLE = Automatic;
				INFOPLIST_FILE = CalculatorTests/Info.plist;
				IPHONEOS_DEPLOYMENT_TARGET = 13.2;
				LD_RUNPATH_SEARCH_PATHS = (
					"$(inherited)",
					"@executable_path/Frameworks",
					"@loader_path/Frameworks",
				);
				PRODUCT_BUNDLE_IDENTIFIER = edu.kbtu.CalculatorTests;
				PRODUCT_NAME = "$(TARGET_NAME)";
				SWIFT_VERSION = 5.0;
				TARGETED_DEVICE_FAMILY = "1,2";
				TEST_HOST = "$(BUILT_PRODUCTS_DIR)/Calculator.app/Calculator";
			};
			name = Debug;
		};
		5209AD4123E574A8008381F7 /* Release */ = {
			isa = XCBuildConfiguration;
			buildSettings = {
				ALWAYS_EMBED_SWIFT_STANDARD_LIBRARIES = YES;
				BUNDLE_LOADER = "$(TEST_HOST)";
				CODE_SIGN_STYLE = Automatic;
				INFOPLIST_FILE = CalculatorTests/Info.plist;
				IPHONEOS_DEPLOYMENT_TARGET = 13.2;
				LD_RUNPATH_SEARCH_PATHS = (
					"$(inherited)",
					"@executable_path/Frameworks",
					"@loader_path/Frameworks",
				);
				PRODUCT_BUNDLE_IDENTIFIER = edu.kbtu.CalculatorTests;
				PRODUCT_NAME = "$(TARGET_NAME)";
				SWIFT_VERSION = 5.0;
				TARGETED_DEVICE_FAMILY = "1,2";
				TEST_HOST = "$(BUILT_PRODUCTS_DIR)/Calculator.app/Calculator";
			};
			name = Release;
		};
		5209AD4323E574A8008381F7 /* Debug */ = {
			isa = XCBuildConfiguration;
			buildSettings = {
				ALWAYS_EMBED_SWIFT_STANDARD_LIBRARIES = YES;
				CODE_SIGN_STYLE = Automatic;
				INFOPLIST_FILE = CalculatorUITests/Info.plist;
				LD_RUNPATH_SEARCH_PATHS = (
					"$(inherited)",
					"@executable_path/Frameworks",
					"@loader_path/Frameworks",
				);
				PRODUCT_BUNDLE_IDENTIFIER = edu.kbtu.CalculatorUITests;
				PRODUCT_NAME = "$(TARGET_NAME)";
				SWIFT_VERSION = 5.0;
				TARGETED_DEVICE_FAMILY = "1,2";
				TEST_TARGET_NAME = Calculator;
			};
			name = Debug;
		};
		5209AD4423E574A8008381F7 /* Release */ = {
			isa = XCBuildConfiguration;
			buildSettings = {
				ALWAYS_EMBED_SWIFT_STANDARD_LIBRARIES = YES;
				CODE_SIGN_STYLE = Automatic;
				INFOPLIST_FILE = CalculatorUITests/Info.plist;
				LD_RUNPATH_SEARCH_PATHS = (
					"$(inherited)",
					"@executable_path/Frameworks",
					"@loader_path/Frameworks",
				);
				PRODUCT_BUNDLE_IDENTIFIER = edu.kbtu.CalculatorUITests;
				PRODUCT_NAME = "$(TARGET_NAME)";
				SWIFT_VERSION = 5.0;
				TARGETED_DEVICE_FAMILY = "1,2";
				TEST_TARGET_NAME = Calculator;
			};
			name = Release;
		};
/* End XCBuildConfiguration section */

/* Begin XCConfigurationList section */
		5209AD0D23E574A5008381F7 /* Build configuration list for PBXProject "Calculator" */ = {
			isa = XCConfigurationList;
			buildConfigurations = (
				5209AD3A23E574A8008381F7 /* Debug */,
				5209AD3B23E574A8008381F7 /* Release */,
			);
			defaultConfigurationIsVisible = 0;
			defaultConfigurationName = Release;
		};
		5209AD3C23E574A8008381F7 /* Build configuration list for PBXNativeTarget "Calculator" */ = {
			isa = XCConfigurationList;
			buildConfigurations = (
				5209AD3D23E574A8008381F7 /* Debug */,
				5209AD3E23E574A8008381F7 /* Release */,
			);
			defaultConfigurationIsVisible = 0;
			defaultConfigurationName = Release;
		};
		5209AD3F23E574A8008381F7 /* Build configuration list for PBXNativeTarget "CalculatorTests" */ = {
			isa = XCConfigurationList;
			buildConfigurations = (
				5209AD4023E574A8008381F7 /* Debug */,
				5209AD4123E574A8008381F7 /* Release */,
			);
			defaultConfigurationIsVisible = 0;
			defaultConfigurationName = Release;
		};
		5209AD4223E574A8008381F7 /* Build configuration list for PBXNativeTarget "CalculatorUITests" */ = {
			isa = XCConfigurationList;
			buildConfigurations = (
				5209AD4323E574A8008381F7 /* Debug */,
				5209AD4423E574A8008381F7 /* Release */,
			);
			defaultConfigurationIsVisible = 0;
			defaultConfigurationName = Release;
		};
/* End XCConfigurationList section */
	};
	rootObject = 5209AD0A23E574A5008381F7 /* Project object */;
}
