// !$*UTF8*$!
{
	archiveVersion = 1;
	classes = {
	};
	objectVersion = 50;
	objects = {

/* Begin PBXBuildFile section */
		5271F03B245A611E009EE87F /* AppDelegate.swift in Sources */ = {isa = PBXBuildFile; fileRef = 5271F03A245A611E009EE87F /* AppDelegate.swift */; };
		5271F03D245A611E009EE87F /* SceneDelegate.swift in Sources */ = {isa = PBXBuildFile; fileRef = 5271F03C245A611E009EE87F /* SceneDelegate.swift */; };
		5271F03F245A611E009EE87F /* ViewController.swift in Sources */ = {isa = PBXBuildFile; fileRef = 5271F03E245A611E009EE87F /* ViewController.swift */; };
		5271F042245A611E009EE87F /* Main.storyboard in Resources */ = {isa = PBXBuildFile; fileRef = 5271F040245A611E009EE87F /* Main.storyboard */; };
		5271F044245A6120009EE87F /* Assets.xcassets in Resources */ = {isa = PBXBuildFile; fileRef = 5271F043245A6120009EE87F /* Assets.xcassets */; };
		5271F047245A6120009EE87F /* LaunchScreen.storyboard in Resources */ = {isa = PBXBuildFile; fileRef = 5271F045245A6120009EE87F /* LaunchScreen.storyboard */; };
		5271F04F245A617D009EE87F /* MusicViewController.swift in Sources */ = {isa = PBXBuildFile; fileRef = 5271F04E245A617D009EE87F /* MusicViewController.swift */; };
		5271F051245A619E009EE87F /* TrackTableViewCell.swift in Sources */ = {isa = PBXBuildFile; fileRef = 5271F050245A619E009EE87F /* TrackTableViewCell.swift */; };
		5271F053245A61CA009EE87F /* TrackTableViewCell2.swift in Sources */ = {isa = PBXBuildFile; fileRef = 5271F052245A61CA009EE87F /* TrackTableViewCell2.swift */; };
		5271F055245A61E2009EE87F /* MusicService.swift in Sources */ = {isa = PBXBuildFile; fileRef = 5271F054245A61E2009EE87F /* MusicService.swift */; };
		5271F057245A620C009EE87F /* Track.swift in Sources */ = {isa = PBXBuildFile; fileRef = 5271F056245A620C009EE87F /* Track.swift */; };
/* End PBXBuildFile section */

/* Begin PBXFileReference section */
		5271F037245A611E009EE87F /* 5lab-full-version.app */ = {isa = PBXFileReference; explicitFileType = wrapper.application; includeInIndex = 0; path = "5lab-full-version.app"; sourceTree = BUILT_PRODUCTS_DIR; };
		5271F03A245A611E009EE87F /* AppDelegate.swift */ = {isa = PBXFileReference; lastKnownFileType = sourcecode.swift; path = AppDelegate.swift; sourceTree = "<group>"; };
		5271F03C245A611E009EE87F /* SceneDelegate.swift */ = {isa = PBXFileReference; lastKnownFileType = sourcecode.swift; path = SceneDelegate.swift; sourceTree = "<group>"; };
		5271F03E245A611E009EE87F /* ViewController.swift */ = {isa = PBXFileReference; lastKnownFileType = sourcecode.swift; path = ViewController.swift; sourceTree = "<group>"; };
		5271F041245A611E009EE87F /* Base */ = {isa = PBXFileReference; lastKnownFileType = file.storyboard; name = Base; path = Base.lproj/Main.storyboard; sourceTree = "<group>"; };
		5271F043245A6120009EE87F /* Assets.xcassets */ = {isa = PBXFileReference; lastKnownFileType = folder.assetcatalog; path = Assets.xcassets; sourceTree = "<group>"; };
		5271F046245A6120009EE87F /* Base */ = {isa = PBXFileReference; lastKnownFileType = file.storyboard; name = Base; path = Base.lproj/LaunchScreen.storyboard; sourceTree = "<group>"; };
		5271F048245A6120009EE87F /* Info.plist */ = {isa = PBXFileReference; lastKnownFileType = text.plist.xml; path = Info.plist; sourceTree = "<group>"; };
		5271F04E245A617D009EE87F /* MusicViewController.swift */ = {isa = PBXFileReference; lastKnownFileType = sourcecode.swift; path = MusicViewController.swift; sourceTree = "<group>"; };
		5271F050245A619E009EE87F /* TrackTableViewCell.swift */ = {isa = PBXFileReference; lastKnownFileType = sourcecode.swift; path = TrackTableViewCell.swift; sourceTree = "<group>"; };
		5271F052245A61CA009EE87F /* TrackTableViewCell2.swift */ = {isa = PBXFileReference; lastKnownFileType = sourcecode.swift; path = TrackTableViewCell2.swift; sourceTree = "<group>"; };
		5271F054245A61E2009EE87F /* MusicService.swift */ = {isa = PBXFileReference; lastKnownFileType = sourcecode.swift; path = MusicService.swift; sourceTree = "<group>"; };
		5271F056245A620C009EE87F /* Track.swift */ = {isa = PBXFileReference; lastKnownFileType = sourcecode.swift; path = Track.swift; sourceTree = "<group>"; };
/* End PBXFileReference section */

/* Begin PBXFrameworksBuildPhase section */
		5271F034245A611E009EE87F /* Frameworks */ = {
			isa = PBXFrameworksBuildPhase;
			buildActionMask = 2147483647;
			files = (
			);
			runOnlyForDeploymentPostprocessing = 0;
		};
/* End PBXFrameworksBuildPhase section */

/* Begin PBXGroup section */
		5271F02E245A611E009EE87F = {
			isa = PBXGroup;
			children = (
				5271F039245A611E009EE87F /* 5lab-full-version */,
				5271F038245A611E009EE87F /* Products */,
			);
			sourceTree = "<group>";
		};
		5271F038245A611E009EE87F /* Products */ = {
			isa = PBXGroup;
			children = (
				5271F037245A611E009EE87F /* 5lab-full-version.app */,
			);
			name = Products;
			sourceTree = "<group>";
		};
		5271F039245A611E009EE87F /* 5lab-full-version */ = {
			isa = PBXGroup;
			children = (
				5271F03A245A611E009EE87F /* AppDelegate.swift */,
				5271F03C245A611E009EE87F /* SceneDelegate.swift */,
				5271F03E245A611E009EE87F /* ViewController.swift */,
				5271F040245A611E009EE87F /* Main.storyboard */,
				5271F043245A6120009EE87F /* Assets.xcassets */,
				5271F045245A6120009EE87F /* LaunchScreen.storyboard */,
				5271F048245A6120009EE87F /* Info.plist */,
				5271F04E245A617D009EE87F /* MusicViewController.swift */,
				5271F050245A619E009EE87F /* TrackTableViewCell.swift */,
				5271F052245A61CA009EE87F /* TrackTableViewCell2.swift */,
				5271F054245A61E2009EE87F /* MusicService.swift */,
				5271F056245A620C009EE87F /* Track.swift */,
			);
			path = "5lab-full-version";
			sourceTree = "<group>";
		};
/* End PBXGroup section */

/* Begin PBXNativeTarget section */
		5271F036245A611E009EE87F /* 5lab-full-version */ = {
			isa = PBXNativeTarget;
			buildConfigurationList = 5271F04B245A6120009EE87F /* Build configuration list for PBXNativeTarget "5lab-full-version" */;
			buildPhases = (
				5271F033245A611E009EE87F /* Sources */,
				5271F034245A611E009EE87F /* Frameworks */,
				5271F035245A611E009EE87F /* Resources */,
			);
			buildRules = (
			);
			dependencies = (
			);
			name = "5lab-full-version";
			productName = "5lab-full-version";
			productReference = 5271F037245A611E009EE87F /* 5lab-full-version.app */;
			productType = "com.apple.product-type.application";
		};
/* End PBXNativeTarget section */

/* Begin PBXProject section */
		5271F02F245A611E009EE87F /* Project object */ = {
			isa = PBXProject;
			attributes = {
				LastSwiftUpdateCheck = 1130;
				LastUpgradeCheck = 1130;
				ORGANIZATIONNAME = kbtu;
				TargetAttributes = {
					5271F036245A611E009EE87F = {
						CreatedOnToolsVersion = 11.3.1;
					};
				};
			};
			buildConfigurationList = 5271F032245A611E009EE87F /* Build configuration list for PBXProject "5lab-full-version" */;
			compatibilityVersion = "Xcode 9.3";
			developmentRegion = en;
			hasScannedForEncodings = 0;
			knownRegions = (
				en,
				Base,
			);
			mainGroup = 5271F02E245A611E009EE87F;
			productRefGroup = 5271F038245A611E009EE87F /* Products */;
			projectDirPath = "";
			projectRoot = "";
			targets = (
				5271F036245A611E009EE87F /* 5lab-full-version */,
			);
		};
/* End PBXProject section */

/* Begin PBXResourcesBuildPhase section */
		5271F035245A611E009EE87F /* Resources */ = {
			isa = PBXResourcesBuildPhase;
			buildActionMask = 2147483647;
			files = (
				5271F047245A6120009EE87F /* LaunchScreen.storyboard in Resources */,
				5271F044245A6120009EE87F /* Assets.xcassets in Resources */,
				5271F042245A611E009EE87F /* Main.storyboard in Resources */,
			);
			runOnlyForDeploymentPostprocessing = 0;
		};
/* End PBXResourcesBuildPhase section */

/* Begin PBXSourcesBuildPhase section */
		5271F033245A611E009EE87F /* Sources */ = {
			isa = PBXSourcesBuildPhase;
			buildActionMask = 2147483647;
			files = (
				5271F04F245A617D009EE87F /* MusicViewController.swift in Sources */,
				5271F03F245A611E009EE87F /* ViewController.swift in Sources */,
				5271F051245A619E009EE87F /* TrackTableViewCell.swift in Sources */,
				5271F057245A620C009EE87F /* Track.swift in Sources */,
				5271F03B245A611E009EE87F /* AppDelegate.swift in Sources */,
				5271F053245A61CA009EE87F /* TrackTableViewCell2.swift in Sources */,
				5271F055245A61E2009EE87F /* MusicService.swift in Sources */,
				5271F03D245A611E009EE87F /* SceneDelegate.swift in Sources */,
			);
			runOnlyForDeploymentPostprocessing = 0;
		};
/* End PBXSourcesBuildPhase section */

/* Begin PBXVariantGroup section */
		5271F040245A611E009EE87F /* Main.storyboard */ = {
			isa = PBXVariantGroup;
			children = (
				5271F041245A611E009EE87F /* Base */,
			);
			name = Main.storyboard;
			sourceTree = "<group>";
		};
		5271F045245A6120009EE87F /* LaunchScreen.storyboard */ = {
			isa = PBXVariantGroup;
			children = (
				5271F046245A6120009EE87F /* Base */,
			);
			name = LaunchScreen.storyboard;
			sourceTree = "<group>";
		};
/* End PBXVariantGroup section */

/* Begin XCBuildConfiguration section */
		5271F049245A6120009EE87F /* Debug */ = {
			isa = XCBuildConfiguration;
			buildSettings = {
				ALWAYS_SEARCH_USER_PATHS = NO;
				CLANG_ANALYZER_NONNULL = YES;
				CLANG_ANALYZER_NUMBER_OBJECT_CONVERSION = YES_AGGRESSIVE;
				CLANG_CXX_LANGUAGE_STANDARD = "gnu++14";
				CLANG_CXX_LIBRARY = "libc++";
				CLANG_ENABLE_MODULES = YES;
				CLANG_ENABLE_OBJC_ARC = YES;
				CLANG_ENABLE_OBJC_WEAK = YES;
				CLANG_WARN_BLOCK_CAPTURE_AUTORELEASING = YES;
				CLANG_WARN_BOOL_CONVERSION = YES;
				CLANG_WARN_COMMA = YES;
				CLANG_WARN_CONSTANT_CONVERSION = YES;
				CLANG_WARN_DEPRECATED_OBJC_IMPLEMENTATIONS = YES;
				CLANG_WARN_DIRECT_OBJC_ISA_USAGE = YES_ERROR;
				CLANG_WARN_DOCUMENTATION_COMMENTS = YES;
				CLANG_WARN_EMPTY_BODY = YES;
				CLANG_WARN_ENUM_CONVERSION = YES;
				CLANG_WARN_INFINITE_RECURSION = YES;
				CLANG_WARN_INT_CONVERSION = YES;
				CLANG_WARN_NON_LITERAL_NULL_CONVERSION = YES;
				CLANG_WARN_OBJC_IMPLICIT_RETAIN_SELF = YES;
				CLANG_WARN_OBJC_LITERAL_CONVERSION = YES;
				CLANG_WARN_OBJC_ROOT_CLASS = YES_ERROR;
				CLANG_WARN_RANGE_LOOP_ANALYSIS = YES;
				CLANG_WARN_STRICT_PROTOTYPES = YES;
				CLANG_WARN_SUSPICIOUS_MOVE = YES;
				CLANG_WARN_UNGUARDED_AVAILABILITY = YES_AGGRESSIVE;
				CLANG_WARN_UNREACHABLE_CODE = YES;
				CLANG_WARN__DUPLICATE_METHOD_MATCH = YES;
				COPY_PHASE_STRIP = NO;
				DEBUG_INFORMATION_FORMAT = dwarf;
				ENABLE_STRICT_OBJC_MSGSEND = YES;
				ENABLE_TESTABILITY = YES;
				GCC_C_LANGUAGE_STANDARD = gnu11;
				GCC_DYNAMIC_NO_PIC = NO;
				GCC_NO_COMMON_BLOCKS = YES;
				GCC_OPTIMIZATION_LEVEL = 0;
				GCC_PREPROCESSOR_DEFINITIONS = (
					"DEBUG=1",
					"$(inherited)",
				);
				GCC_WARN_64_TO_32_BIT_CONVERSION = YES;
				GCC_WARN_ABOUT_RETURN_TYPE = YES_ERROR;
				GCC_WARN_UNDECLARED_SELECTOR = YES;
				GCC_WARN_UNINITIALIZED_AUTOS = YES_AGGRESSIVE;
				GCC_WARN_UNUSED_FUNCTION = YES;
				GCC_WARN_UNUSED_VARIABLE = YES;
				IPHONEOS_DEPLOYMENT_TARGET = 13.2;
				MTL_ENABLE_DEBUG_INFO = INCLUDE_SOURCE;
				MTL_FAST_MATH = YES;
				ONLY_ACTIVE_ARCH = YES;
				SDKROOT = iphoneos;
				SWIFT_ACTIVE_COMPILATION_CONDITIONS = DEBUG;
				SWIFT_OPTIMIZATION_LEVEL = "-Onone";
			};
			name = Debug;
		};
		5271F04A245A6120009EE87F /* Release */ = {
			isa = XCBuildConfiguration;
			buildSettings = {
				ALWAYS_SEARCH_USER_PATHS = NO;
				CLANG_ANALYZER_NONNULL = YES;
				CLANG_ANALYZER_NUMBER_OBJECT_CONVERSION = YES_AGGRESSIVE;
				CLANG_CXX_LANGUAGE_STANDARD = "gnu++14";
				CLANG_CXX_LIBRARY = "libc++";
				CLANG_ENABLE_MODULES = YES;
				CLANG_ENABLE_OBJC_ARC = YES;
				CLANG_ENABLE_OBJC_WEAK = YES;
				CLANG_WARN_BLOCK_CAPTURE_AUTORELEASING = YES;
				CLANG_WARN_BOOL_CONVERSION = YES;
				CLANG_WARN_COMMA = YES;
				CLANG_WARN_CONSTANT_CONVERSION = YES;
				CLANG_WARN_DEPRECATED_OBJC_IMPLEMENTATIONS = YES;
				CLANG_WARN_DIRECT_OBJC_ISA_USAGE = YES_ERROR;
				CLANG_WARN_DOCUMENTATION_COMMENTS = YES;
				CLANG_WARN_EMPTY_BODY = YES;
				CLANG_WARN_ENUM_CONVERSION = YES;
				CLANG_WARN_INFINITE_RECURSION = YES;
				CLANG_WARN_INT_CONVERSION = YES;
				CLANG_WARN_NON_LITERAL_NULL_CONVERSION = YES;
				CLANG_WARN_OBJC_IMPLICIT_RETAIN_SELF = YES;
				CLANG_WARN_OBJC_LITERAL_CONVERSION = YES;
				CLANG_WARN_OBJC_ROOT_CLASS = YES_ERROR;
				CLANG_WARN_RANGE_LOOP_ANALYSIS = YES;
				CLANG_WARN_STRICT_PROTOTYPES = YES;
				CLANG_WARN_SUSPICIOUS_MOVE = YES;
				CLANG_WARN_UNGUARDED_AVAILABILITY = YES_AGGRESSIVE;
				CLANG_WARN_UNREACHABLE_CODE = YES;
				CLANG_WARN__DUPLICATE_METHOD_MATCH = YES;
				COPY_PHASE_STRIP = NO;
				DEBUG_INFORMATION_FORMAT = "dwarf-with-dsym";
				ENABLE_NS_ASSERTIONS = NO;
				ENABLE_STRICT_OBJC_MSGSEND = YES;
				GCC_C_LANGUAGE_STANDARD = gnu11;
				GCC_NO_COMMON_BLOCKS = YES;
				GCC_WARN_64_TO_32_BIT_CONVERSION = YES;
				GCC_WARN_ABOUT_RETURN_TYPE = YES_ERROR;
				GCC_WARN_UNDECLARED_SELECTOR = YES;
				GCC_WARN_UNINITIALIZED_AUTOS = YES_AGGRESSIVE;
				GCC_WARN_UNUSED_FUNCTION = YES;
				GCC_WARN_UNUSED_VARIABLE = YES;
				IPHONEOS_DEPLOYMENT_TARGET = 13.2;
				MTL_ENABLE_DEBUG_INFO = NO;
				MTL_FAST_MATH = YES;
				SDKROOT = iphoneos;
				SWIFT_COMPILATION_MODE = wholemodule;
				SWIFT_OPTIMIZATION_LEVEL = "-O";
				VALIDATE_PRODUCT = YES;
			};
			name = Release;
		};
		5271F04C245A6120009EE87F /* Debug */ = {
			isa = XCBuildConfiguration;
			buildSettings = {
				ASSETCATALOG_COMPILER_APPICON_NAME = AppIcon;
				CODE_SIGN_STYLE = Automatic;
				INFOPLIST_FILE = "5lab-full-version/Info.plist";
				LD_RUNPATH_SEARCH_PATHS = (
					"$(inherited)",
					"@executable_path/Frameworks",
				);
				PRODUCT_BUNDLE_IDENTIFIER = "edu.kbtu.-lab-full-version";
				PRODUCT_NAME = "$(TARGET_NAME)";
				SWIFT_VERSION = 5.0;
				TARGETED_DEVICE_FAMILY = "1,2";
			};
			name = Debug;
		};
		5271F04D245A6120009EE87F /* Release */ = {
			isa = XCBuildConfiguration;
			buildSettings = {
				ASSETCATALOG_COMPILER_APPICON_NAME = AppIcon;
				CODE_SIGN_STYLE = Automatic;
				INFOPLIST_FILE = "5lab-full-version/Info.plist";
				LD_RUNPATH_SEARCH_PATHS = (
					"$(inherited)",
					"@executable_path/Frameworks",
				);
				PRODUCT_BUNDLE_IDENTIFIER = "edu.kbtu.-lab-full-version";
				PRODUCT_NAME = "$(TARGET_NAME)";
				SWIFT_VERSION = 5.0;
				TARGETED_DEVICE_FAMILY = "1,2";
			};
			name = Release;
		};
/* End XCBuildConfiguration section */

/* Begin XCConfigurationList section */
		5271F032245A611E009EE87F /* Build configuration list for PBXProject "5lab-full-version" */ = {
			isa = XCConfigurationList;
			buildConfigurations = (
				5271F049245A6120009EE87F /* Debug */,
				5271F04A245A6120009EE87F /* Release */,
			);
			defaultConfigurationIsVisible = 0;
			defaultConfigurationName = Release;
		};
		5271F04B245A6120009EE87F /* Build configuration list for PBXNativeTarget "5lab-full-version" */ = {
			isa = XCConfigurationList;
			buildConfigurations = (
				5271F04C245A6120009EE87F /* Debug */,
				5271F04D245A6120009EE87F /* Release */,
			);
			defaultConfigurationIsVisible = 0;
			defaultConfigurationName = Release;
		};
/* End XCConfigurationList section */
	};
	rootObject = 5271F02F245A611E009EE87F /* Project object */;
}
