// !$*UTF8*$!
{
	archiveVersion = 1;
	classes = {
	};
	objectVersion = 50;
	objects = {

/* Begin PBXBuildFile section */
		5271F006245A5BED009EE87F /* AppDelegate.swift in Sources */ = {isa = PBXBuildFile; fileRef = 5271F005245A5BED009EE87F /* AppDelegate.swift */; };
		5271F00F245A5BEF009EE87F /* Assets.xcassets in Resources */ = {isa = PBXBuildFile; fileRef = 5271F00E245A5BEF009EE87F /* Assets.xcassets */; };
		5271F012245A5BEF009EE87F /* LaunchScreen.storyboard in Resources */ = {isa = PBXBuildFile; fileRef = 5271F010245A5BEF009EE87F /* LaunchScreen.storyboard */; };
		5271F024245A5D54009EE87F /* Track.swift in Sources */ = {isa = PBXBuildFile; fileRef = 5271F01D245A5D53009EE87F /* Track.swift */; };
		5271F025245A5D54009EE87F /* ViewController.swift in Sources */ = {isa = PBXBuildFile; fileRef = 5271F01E245A5D53009EE87F /* ViewController.swift */; };
		5271F026245A5D54009EE87F /* TrackTableViewCell2.swift in Sources */ = {isa = PBXBuildFile; fileRef = 5271F01F245A5D53009EE87F /* TrackTableViewCell2.swift */; };
		5271F027245A5D54009EE87F /* MusicService.swift in Sources */ = {isa = PBXBuildFile; fileRef = 5271F020245A5D53009EE87F /* MusicService.swift */; };
		5271F028245A5D54009EE87F /* SceneDelegate.swift in Sources */ = {isa = PBXBuildFile; fileRef = 5271F021245A5D53009EE87F /* SceneDelegate.swift */; };
		5271F029245A5D54009EE87F /* MusicViewController.swift in Sources */ = {isa = PBXBuildFile; fileRef = 5271F022245A5D53009EE87F /* MusicViewController.swift */; };
		5271F02A245A5D54009EE87F /* TrackTableViewCell.swift in Sources */ = {isa = PBXBuildFile; fileRef = 5271F023245A5D54009EE87F /* TrackTableViewCell.swift */; };
/* End PBXBuildFile section */

/* Begin PBXFileReference section */
		5271F002245A5BED009EE87F /* 5-lab-2version.app */ = {isa = PBXFileReference; explicitFileType = wrapper.application; includeInIndex = 0; path = "5-lab-2version.app"; sourceTree = BUILT_PRODUCTS_DIR; };
		5271F005245A5BED009EE87F /* AppDelegate.swift */ = {isa = PBXFileReference; lastKnownFileType = sourcecode.swift; path = AppDelegate.swift; sourceTree = "<group>"; };
		5271F00E245A5BEF009EE87F /* Assets.xcassets */ = {isa = PBXFileReference; lastKnownFileType = folder.assetcatalog; path = Assets.xcassets; sourceTree = "<group>"; };
		5271F011245A5BEF009EE87F /* Base */ = {isa = PBXFileReference; lastKnownFileType = file.storyboard; name = Base; path = Base.lproj/LaunchScreen.storyboard; sourceTree = "<group>"; };
		5271F013245A5BF0009EE87F /* Info.plist */ = {isa = PBXFileReference; lastKnownFileType = text.plist.xml; path = Info.plist; sourceTree = "<group>"; };
		5271F01D245A5D53009EE87F /* Track.swift */ = {isa = PBXFileReference; fileEncoding = 4; lastKnownFileType = sourcecode.swift; name = Track.swift; path = "../../5-lab/5-lab/5-lab/Track.swift"; sourceTree = "<group>"; };
		5271F01E245A5D53009EE87F /* ViewController.swift */ = {isa = PBXFileReference; fileEncoding = 4; lastKnownFileType = sourcecode.swift; name = ViewController.swift; path = "../../5-lab/5-lab/5-lab/ViewController.swift"; sourceTree = "<group>"; };
		5271F01F245A5D53009EE87F /* TrackTableViewCell2.swift */ = {isa = PBXFileReference; fileEncoding = 4; lastKnownFileType = sourcecode.swift; name = TrackTableViewCell2.swift; path = "../../5-lab/5-lab/5-lab/TrackTableViewCell2.swift"; sourceTree = "<group>"; };
		5271F020245A5D53009EE87F /* MusicService.swift */ = {isa = PBXFileReference; fileEncoding = 4; lastKnownFileType = sourcecode.swift; name = MusicService.swift; path = "../../5-lab/5-lab/5-lab/MusicService.swift"; sourceTree = "<group>"; };
		5271F021245A5D53009EE87F /* SceneDelegate.swift */ = {isa = PBXFileReference; fileEncoding = 4; lastKnownFileType = sourcecode.swift; name = SceneDelegate.swift; path = "../../5-lab/5-lab/5-lab/SceneDelegate.swift"; sourceTree = "<group>"; };
		5271F022245A5D53009EE87F /* MusicViewController.swift */ = {isa = PBXFileReference; fileEncoding = 4; lastKnownFileType = sourcecode.swift; name = MusicViewController.swift; path = "../../5-lab/5-lab/5-lab/MusicViewController.swift"; sourceTree = "<group>"; };
		5271F023245A5D54009EE87F /* TrackTableViewCell.swift */ = {isa = PBXFileReference; fileEncoding = 4; lastKnownFileType = sourcecode.swift; name = TrackTableViewCell.swift; path = "../../5-lab/5-lab/5-lab/TrackTableViewCell.swift"; sourceTree = "<group>"; };
		5271F02B245A5DAA009EE87F /* Main.storyboard */ = {isa = PBXFileReference; lastKnownFileType = file.storyboard; path = Main.storyboard; sourceTree = "<group>"; };
/* End PBXFileReference section */

/* Begin PBXFrameworksBuildPhase section */
		5271EFFF245A5BED009EE87F /* Frameworks */ = {
			isa = PBXFrameworksBuildPhase;
			buildActionMask = 2147483647;
			files = (
			);
			runOnlyForDeploymentPostprocessing = 0;
		};
/* End PBXFrameworksBuildPhase section */

/* Begin PBXGroup section */
		5271EFF9245A5BED009EE87F = {
			isa = PBXGroup;
			children = (
				5271F004245A5BED009EE87F /* 5-lab-2version */,
				5271F003245A5BED009EE87F /* Products */,
			);
			sourceTree = "<group>";
		};
		5271F003245A5BED009EE87F /* Products */ = {
			isa = PBXGroup;
			children = (
				5271F002245A5BED009EE87F /* 5-lab-2version.app */,
			);
			name = Products;
			sourceTree = "<group>";
		};
		5271F004245A5BED009EE87F /* 5-lab-2version */ = {
			isa = PBXGroup;
			children = (
				5271F005245A5BED009EE87F /* AppDelegate.swift */,
				5271F022245A5D53009EE87F /* MusicViewController.swift */,
				5271F023245A5D54009EE87F /* TrackTableViewCell.swift */,
				5271F01F245A5D53009EE87F /* TrackTableViewCell2.swift */,
				5271F020245A5D53009EE87F /* MusicService.swift */,
				5271F021245A5D53009EE87F /* SceneDelegate.swift */,
				5271F01D245A5D53009EE87F /* Track.swift */,
				5271F02B245A5DAA009EE87F /* Main.storyboard */,
				5271F01E245A5D53009EE87F /* ViewController.swift */,
				5271F00E245A5BEF009EE87F /* Assets.xcassets */,
				5271F010245A5BEF009EE87F /* LaunchScreen.storyboard */,
				5271F013245A5BF0009EE87F /* Info.plist */,
			);
			path = "5-lab-2version";
			sourceTree = "<group>";
		};
/* End PBXGroup section */

/* Begin PBXNativeTarget section */
		5271F001245A5BED009EE87F /* 5-lab-2version */ = {
			isa = PBXNativeTarget;
			buildConfigurationList = 5271F016245A5BF0009EE87F /* Build configuration list for PBXNativeTarget "5-lab-2version" */;
			buildPhases = (
				5271EFFE245A5BED009EE87F /* Sources */,
				5271EFFF245A5BED009EE87F /* Frameworks */,
				5271F000245A5BED009EE87F /* Resources */,
			);
			buildRules = (
			);
			dependencies = (
			);
			name = "5-lab-2version";
			productName = "5-lab-2version";
			productReference = 5271F002245A5BED009EE87F /* 5-lab-2version.app */;
			productType = "com.apple.product-type.application";
		};
/* End PBXNativeTarget section */

/* Begin PBXProject section */
		5271EFFA245A5BED009EE87F /* Project object */ = {
			isa = PBXProject;
			attributes = {
				LastSwiftUpdateCheck = 1130;
				LastUpgradeCheck = 1130;
				ORGANIZATIONNAME = kbtu;
				TargetAttributes = {
					5271F001245A5BED009EE87F = {
						CreatedOnToolsVersion = 11.3.1;
					};
				};
			};
			buildConfigurationList = 5271EFFD245A5BED009EE87F /* Build configuration list for PBXProject "5-lab-2version" */;
			compatibilityVersion = "Xcode 9.3";
			developmentRegion = en;
			hasScannedForEncodings = 0;
			knownRegions = (
				en,
				Base,
			);
			mainGroup = 5271EFF9245A5BED009EE87F;
			productRefGroup = 5271F003245A5BED009EE87F /* Products */;
			projectDirPath = "";
			projectRoot = "";
			targets = (
				5271F001245A5BED009EE87F /* 5-lab-2version */,
			);
		};
/* End PBXProject section */

/* Begin PBXResourcesBuildPhase section */
		5271F000245A5BED009EE87F /* Resources */ = {
			isa = PBXResourcesBuildPhase;
			buildActionMask = 2147483647;
			files = (
				5271F012245A5BEF009EE87F /* LaunchScreen.storyboard in Resources */,
				5271F00F245A5BEF009EE87F /* Assets.xcassets in Resources */,
			);
			runOnlyForDeploymentPostprocessing = 0;
		};
/* End PBXResourcesBuildPhase section */

/* Begin PBXSourcesBuildPhase section */
		5271EFFE245A5BED009EE87F /* Sources */ = {
			isa = PBXSourcesBuildPhase;
			buildActionMask = 2147483647;
			files = (
				5271F025245A5D54009EE87F /* ViewController.swift in Sources */,
				5271F006245A5BED009EE87F /* AppDelegate.swift in Sources */,
				5271F026245A5D54009EE87F /* TrackTableViewCell2.swift in Sources */,
				5271F02A245A5D54009EE87F /* TrackTableViewCell.swift in Sources */,
				5271F027245A5D54009EE87F /* MusicService.swift in Sources */,
				5271F029245A5D54009EE87F /* MusicViewController.swift in Sources */,
				5271F024245A5D54009EE87F /* Track.swift in Sources */,
				5271F028245A5D54009EE87F /* SceneDelegate.swift in Sources */,
			);
			runOnlyForDeploymentPostprocessing = 0;
		};
/* End PBXSourcesBuildPhase section */

/* Begin PBXVariantGroup section */
		5271F010245A5BEF009EE87F /* LaunchScreen.storyboard */ = {
			isa = PBXVariantGroup;
			children = (
				5271F011245A5BEF009EE87F /* Base */,
			);
			name = LaunchScreen.storyboard;
			sourceTree = "<group>";
		};
/* End PBXVariantGroup section */

/* Begin XCBuildConfiguration section */
		5271F014245A5BF0009EE87F /* Debug */ = {
			isa = XCBuildConfiguration;
			buildSettings = {
				ALWAYS_SEARCH_USER_PATHS = NO;
				CLANG_ANALYZER_NONNULL = YES;
				CLANG_ANALYZER_NUMBER_OBJECT_CONVERSION = YES_AGGRESSIVE;
				CLANG_CXX_LANGUAGE_STANDARD = "gnu++14";
				CLANG_CXX_LIBRARY = "libc++";
				CLANG_ENABLE_MODULES = YES;
				CLANG_ENABLE_OBJC_ARC = YES;
				CLANG_ENABLE_OBJC_WEAK = YES;
				CLANG_WARN_BLOCK_CAPTURE_AUTORELEASING = YES;
				CLANG_WARN_BOOL_CONVERSION = YES;
				CLANG_WARN_COMMA = YES;
				CLANG_WARN_CONSTANT_CONVERSION = YES;
				CLANG_WARN_DEPRECATED_OBJC_IMPLEMENTATIONS = YES;
				CLANG_WARN_DIRECT_OBJC_ISA_USAGE = YES_ERROR;
				CLANG_WARN_DOCUMENTATION_COMMENTS = YES;
				CLANG_WARN_EMPTY_BODY = YES;
				CLANG_WARN_ENUM_CONVERSION = YES;
				CLANG_WARN_INFINITE_RECURSION = YES;
				CLANG_WARN_INT_CONVERSION = YES;
				CLANG_WARN_NON_LITERAL_NULL_CONVERSION = YES;
				CLANG_WARN_OBJC_IMPLICIT_RETAIN_SELF = YES;
				CLANG_WARN_OBJC_LITERAL_CONVERSION = YES;
				CLANG_WARN_OBJC_ROOT_CLASS = YES_ERROR;
				CLANG_WARN_RANGE_LOOP_ANALYSIS = YES;
				CLANG_WARN_STRICT_PROTOTYPES = YES;
				CLANG_WARN_SUSPICIOUS_MOVE = YES;
				CLANG_WARN_UNGUARDED_AVAILABILITY = YES_AGGRESSIVE;
				CLANG_WARN_UNREACHABLE_CODE = YES;
				CLANG_WARN__DUPLICATE_METHOD_MATCH = YES;
				COPY_PHASE_STRIP = NO;
				DEBUG_INFORMATION_FORMAT = dwarf;
				ENABLE_STRICT_OBJC_MSGSEND = YES;
				ENABLE_TESTABILITY = YES;
				GCC_C_LANGUAGE_STANDARD = gnu11;
				GCC_DYNAMIC_NO_PIC = NO;
				GCC_NO_COMMON_BLOCKS = YES;
				GCC_OPTIMIZATION_LEVEL = 0;
				GCC_PREPROCESSOR_DEFINITIONS = (
					"DEBUG=1",
					"$(inherited)",
				);
				GCC_WARN_64_TO_32_BIT_CONVERSION = YES;
				GCC_WARN_ABOUT_RETURN_TYPE = YES_ERROR;
				GCC_WARN_UNDECLARED_SELECTOR = YES;
				GCC_WARN_UNINITIALIZED_AUTOS = YES_AGGRESSIVE;
				GCC_WARN_UNUSED_FUNCTION = YES;
				GCC_WARN_UNUSED_VARIABLE = YES;
				IPHONEOS_DEPLOYMENT_TARGET = 13.2;
				MTL_ENABLE_DEBUG_INFO = INCLUDE_SOURCE;
				MTL_FAST_MATH = YES;
				ONLY_ACTIVE_ARCH = YES;
				SDKROOT = iphoneos;
				SWIFT_ACTIVE_COMPILATION_CONDITIONS = DEBUG;
				SWIFT_OPTIMIZATION_LEVEL = "-Onone";
			};
			name = Debug;
		};
		5271F015245A5BF0009EE87F /* Release */ = {
			isa = XCBuildConfiguration;
			buildSettings = {
				ALWAYS_SEARCH_USER_PATHS = NO;
				CLANG_ANALYZER_NONNULL = YES;
				CLANG_ANALYZER_NUMBER_OBJECT_CONVERSION = YES_AGGRESSIVE;
				CLANG_CXX_LANGUAGE_STANDARD = "gnu++14";
				CLANG_CXX_LIBRARY = "libc++";
				CLANG_ENABLE_MODULES = YES;
				CLANG_ENABLE_OBJC_ARC = YES;
				CLANG_ENABLE_OBJC_WEAK = YES;
				CLANG_WARN_BLOCK_CAPTURE_AUTORELEASING = YES;
				CLANG_WARN_BOOL_CONVERSION = YES;
				CLANG_WARN_COMMA = YES;
				CLANG_WARN_CONSTANT_CONVERSION = YES;
				CLANG_WARN_DEPRECATED_OBJC_IMPLEMENTATIONS = YES;
				CLANG_WARN_DIRECT_OBJC_ISA_USAGE = YES_ERROR;
				CLANG_WARN_DOCUMENTATION_COMMENTS = YES;
				CLANG_WARN_EMPTY_BODY = YES;
				CLANG_WARN_ENUM_CONVERSION = YES;
				CLANG_WARN_INFINITE_RECURSION = YES;
				CLANG_WARN_INT_CONVERSION = YES;
				CLANG_WARN_NON_LITERAL_NULL_CONVERSION = YES;
				CLANG_WARN_OBJC_IMPLICIT_RETAIN_SELF = YES;
				CLANG_WARN_OBJC_LITERAL_CONVERSION = YES;
				CLANG_WARN_OBJC_ROOT_CLASS = YES_ERROR;
				CLANG_WARN_RANGE_LOOP_ANALYSIS = YES;
				CLANG_WARN_STRICT_PROTOTYPES = YES;
				CLANG_WARN_SUSPICIOUS_MOVE = YES;
				CLANG_WARN_UNGUARDED_AVAILABILITY = YES_AGGRESSIVE;
				CLANG_WARN_UNREACHABLE_CODE = YES;
				CLANG_WARN__DUPLICATE_METHOD_MATCH = YES;
				COPY_PHASE_STRIP = NO;
				DEBUG_INFORMATION_FORMAT = "dwarf-with-dsym";
				ENABLE_NS_ASSERTIONS = NO;
				ENABLE_STRICT_OBJC_MSGSEND = YES;
				GCC_C_LANGUAGE_STANDARD = gnu11;
				GCC_NO_COMMON_BLOCKS = YES;
				GCC_WARN_64_TO_32_BIT_CONVERSION = YES;
				GCC_WARN_ABOUT_RETURN_TYPE = YES_ERROR;
				GCC_WARN_UNDECLARED_SELECTOR = YES;
				GCC_WARN_UNINITIALIZED_AUTOS = YES_AGGRESSIVE;
				GCC_WARN_UNUSED_FUNCTION = YES;
				GCC_WARN_UNUSED_VARIABLE = YES;
				IPHONEOS_DEPLOYMENT_TARGET = 13.2;
				MTL_ENABLE_DEBUG_INFO = NO;
				MTL_FAST_MATH = YES;
				SDKROOT = iphoneos;
				SWIFT_COMPILATION_MODE = wholemodule;
				SWIFT_OPTIMIZATION_LEVEL = "-O";
				VALIDATE_PRODUCT = YES;
			};
			name = Release;
		};
		5271F017245A5BF0009EE87F /* Debug */ = {
			isa = XCBuildConfiguration;
			buildSettings = {
				ASSETCATALOG_COMPILER_APPICON_NAME = AppIcon;
				CODE_SIGN_STYLE = Automatic;
				INFOPLIST_FILE = "5-lab-2version/Info.plist";
				LD_RUNPATH_SEARCH_PATHS = (
					"$(inherited)",
					"@executable_path/Frameworks",
				);
				PRODUCT_BUNDLE_IDENTIFIER = "edu.kbtu.--lab-2version";
				PRODUCT_NAME = "$(TARGET_NAME)";
				SWIFT_VERSION = 5.0;
				TARGETED_DEVICE_FAMILY = "1,2";
			};
			name = Debug;
		};
		5271F018245A5BF0009EE87F /* Release */ = {
			isa = XCBuildConfiguration;
			buildSettings = {
				ASSETCATALOG_COMPILER_APPICON_NAME = AppIcon;
				CODE_SIGN_STYLE = Automatic;
				INFOPLIST_FILE = "5-lab-2version/Info.plist";
				LD_RUNPATH_SEARCH_PATHS = (
					"$(inherited)",
					"@executable_path/Frameworks",
				);
				PRODUCT_BUNDLE_IDENTIFIER = "edu.kbtu.--lab-2version";
				PRODUCT_NAME = "$(TARGET_NAME)";
				SWIFT_VERSION = 5.0;
				TARGETED_DEVICE_FAMILY = "1,2";
			};
			name = Release;
		};
/* End XCBuildConfiguration section */

/* Begin XCConfigurationList section */
		5271EFFD245A5BED009EE87F /* Build configuration list for PBXProject "5-lab-2version" */ = {
			isa = XCConfigurationList;
			buildConfigurations = (
				5271F014245A5BF0009EE87F /* Debug */,
				5271F015245A5BF0009EE87F /* Release */,
			);
			defaultConfigurationIsVisible = 0;
			defaultConfigurationName = Release;
		};
		5271F016245A5BF0009EE87F /* Build configuration list for PBXNativeTarget "5-lab-2version" */ = {
			isa = XCConfigurationList;
			buildConfigurations = (
				5271F017245A5BF0009EE87F /* Debug */,
				5271F018245A5BF0009EE87F /* Release */,
			);
			defaultConfigurationIsVisible = 0;
			defaultConfigurationName = Release;
		};
/* End XCConfigurationList section */
	};
	rootObject = 5271EFFA245A5BED009EE87F /* Project object */;
}
