// !$*UTF8*$!
{
	archiveVersion = 1;
	classes = {
	};
	objectVersion = 50;
	objects = {

/* Begin PBXBuildFile section */
		520B51D42444BC77007B4D37 /* DetailViewController.swift in Sources */ = {isa = PBXBuildFile; fileRef = 520B51D32444BC77007B4D37 /* DetailViewController.swift */; };
		5217E25F243F97A00060B8B8 /* AppDelegate.swift in Sources */ = {isa = PBXBuildFile; fileRef = 5217E25E243F97A00060B8B8 /* AppDelegate.swift */; };
		5217E261243F97A00060B8B8 /* SceneDelegate.swift in Sources */ = {isa = PBXBuildFile; fileRef = 5217E260243F97A00060B8B8 /* SceneDelegate.swift */; };
		5217E263243F97A00060B8B8 /* ViewController.swift in Sources */ = {isa = PBXBuildFile; fileRef = 5217E262243F97A00060B8B8 /* ViewController.swift */; };
		5217E266243F97A00060B8B8 /* Main.storyboard in Resources */ = {isa = PBXBuildFile; fileRef = 5217E264243F97A00060B8B8 /* Main.storyboard */; };
		5217E268243F97A10060B8B8 /* Assets.xcassets in Resources */ = {isa = PBXBuildFile; fileRef = 5217E267243F97A10060B8B8 /* Assets.xcassets */; };
		5217E26B243F97A10060B8B8 /* LaunchScreen.storyboard in Resources */ = {isa = PBXBuildFile; fileRef = 5217E269243F97A10060B8B8 /* LaunchScreen.storyboard */; };
		5217E273243F984C0060B8B8 /* 17.jpg in Resources */ = {isa = PBXBuildFile; fileRef = 5217E272243F984C0060B8B8 /* 17.jpg */; };
		5217E27524410C320060B8B8 /* MovieService.swift in Sources */ = {isa = PBXBuildFile; fileRef = 5217E27424410C320060B8B8 /* MovieService.swift */; };
		5217E27724410C910060B8B8 /* Movie.swift in Sources */ = {isa = PBXBuildFile; fileRef = 5217E27624410C910060B8B8 /* Movie.swift */; };
		5217E27924410CE60060B8B8 /* MovieTableViewCell.swift in Sources */ = {isa = PBXBuildFile; fileRef = 5217E27824410CE60060B8B8 /* MovieTableViewCell.swift */; };
		5217E27B244110760060B8B8 /* ImageService.swift in Sources */ = {isa = PBXBuildFile; fileRef = 5217E27A244110760060B8B8 /* ImageService.swift */; };
		522A78FF2444DDFD009291D1 /* DetailService.swift in Sources */ = {isa = PBXBuildFile; fileRef = 522A78FE2444DDFD009291D1 /* DetailService.swift */; };
/* End PBXBuildFile section */

/* Begin PBXFileReference section */
		520B51D32444BC77007B4D37 /* DetailViewController.swift */ = {isa = PBXFileReference; lastKnownFileType = sourcecode.swift; path = DetailViewController.swift; sourceTree = "<group>"; };
		5217E25B243F97A00060B8B8 /* 4-lab.app */ = {isa = PBXFileReference; explicitFileType = wrapper.application; includeInIndex = 0; path = "4-lab.app"; sourceTree = BUILT_PRODUCTS_DIR; };
		5217E25E243F97A00060B8B8 /* AppDelegate.swift */ = {isa = PBXFileReference; lastKnownFileType = sourcecode.swift; path = AppDelegate.swift; sourceTree = "<group>"; };
		5217E260243F97A00060B8B8 /* SceneDelegate.swift */ = {isa = PBXFileReference; lastKnownFileType = sourcecode.swift; path = SceneDelegate.swift; sourceTree = "<group>"; };
		5217E262243F97A00060B8B8 /* ViewController.swift */ = {isa = PBXFileReference; lastKnownFileType = sourcecode.swift; path = ViewController.swift; sourceTree = "<group>"; };
		5217E265243F97A00060B8B8 /* Base */ = {isa = PBXFileReference; lastKnownFileType = file.storyboard; name = Base; path = Base.lproj/Main.storyboard; sourceTree = "<group>"; };
		5217E267243F97A10060B8B8 /* Assets.xcassets */ = {isa = PBXFileReference; lastKnownFileType = folder.assetcatalog; path = Assets.xcassets; sourceTree = "<group>"; };
		5217E26A243F97A10060B8B8 /* Base */ = {isa = PBXFileReference; lastKnownFileType = file.storyboard; name = Base; path = Base.lproj/LaunchScreen.storyboard; sourceTree = "<group>"; };
		5217E26C243F97A10060B8B8 /* Info.plist */ = {isa = PBXFileReference; lastKnownFileType = text.plist.xml; path = Info.plist; sourceTree = "<group>"; };
		5217E272243F984C0060B8B8 /* 17.jpg */ = {isa = PBXFileReference; lastKnownFileType = image.jpeg; name = 17.jpg; path = "../../../../../Desktop/check Mid-Term of WEB/midterm/G1/Tagay Shyngys/src/assets/images/17.jpg"; sourceTree = "<group>"; };
		5217E27424410C320060B8B8 /* MovieService.swift */ = {isa = PBXFileReference; lastKnownFileType = sourcecode.swift; path = MovieService.swift; sourceTree = "<group>"; };
		5217E27624410C910060B8B8 /* Movie.swift */ = {isa = PBXFileReference; lastKnownFileType = sourcecode.swift; path = Movie.swift; sourceTree = "<group>"; };
		5217E27824410CE60060B8B8 /* MovieTableViewCell.swift */ = {isa = PBXFileReference; lastKnownFileType = sourcecode.swift; path = MovieTableViewCell.swift; sourceTree = "<group>"; };
		5217E27A244110760060B8B8 /* ImageService.swift */ = {isa = PBXFileReference; lastKnownFileType = sourcecode.swift; path = ImageService.swift; sourceTree = "<group>"; };
		522A78FE2444DDFD009291D1 /* DetailService.swift */ = {isa = PBXFileReference; lastKnownFileType = sourcecode.swift; path = DetailService.swift; sourceTree = "<group>"; };
/* End PBXFileReference section */

/* Begin PBXFrameworksBuildPhase section */
		5217E258243F97A00060B8B8 /* Frameworks */ = {
			isa = PBXFrameworksBuildPhase;
			buildActionMask = 2147483647;
			files = (
			);
			runOnlyForDeploymentPostprocessing = 0;
		};
/* End PBXFrameworksBuildPhase section */

/* Begin PBXGroup section */
		5217E252243F97A00060B8B8 = {
			isa = PBXGroup;
			children = (
				5217E25D243F97A00060B8B8 /* 4-lab */,
				5217E25C243F97A00060B8B8 /* Products */,
			);
			sourceTree = "<group>";
		};
		5217E25C243F97A00060B8B8 /* Products */ = {
			isa = PBXGroup;
			children = (
				5217E25B243F97A00060B8B8 /* 4-lab.app */,
			);
			name = Products;
			sourceTree = "<group>";
		};
		5217E25D243F97A00060B8B8 /* 4-lab */ = {
			isa = PBXGroup;
			children = (
				5217E25E243F97A00060B8B8 /* AppDelegate.swift */,
				5217E260243F97A00060B8B8 /* SceneDelegate.swift */,
				5217E262243F97A00060B8B8 /* ViewController.swift */,
				5217E264243F97A00060B8B8 /* Main.storyboard */,
				5217E272243F984C0060B8B8 /* 17.jpg */,
				5217E267243F97A10060B8B8 /* Assets.xcassets */,
				5217E269243F97A10060B8B8 /* LaunchScreen.storyboard */,
				5217E26C243F97A10060B8B8 /* Info.plist */,
				5217E27424410C320060B8B8 /* MovieService.swift */,
				5217E27624410C910060B8B8 /* Movie.swift */,
				5217E27824410CE60060B8B8 /* MovieTableViewCell.swift */,
				5217E27A244110760060B8B8 /* ImageService.swift */,
				520B51D32444BC77007B4D37 /* DetailViewController.swift */,
				522A78FE2444DDFD009291D1 /* DetailService.swift */,
			);
			path = "4-lab";
			sourceTree = "<group>";
		};
/* End PBXGroup section */

/* Begin PBXNativeTarget section */
		5217E25A243F97A00060B8B8 /* 4-lab */ = {
			isa = PBXNativeTarget;
			buildConfigurationList = 5217E26F243F97A10060B8B8 /* Build configuration list for PBXNativeTarget "4-lab" */;
			buildPhases = (
				5217E257243F97A00060B8B8 /* Sources */,
				5217E258243F97A00060B8B8 /* Frameworks */,
				5217E259243F97A00060B8B8 /* Resources */,
			);
			buildRules = (
			);
			dependencies = (
			);
			name = "4-lab";
			productName = "4-lab";
			productReference = 5217E25B243F97A00060B8B8 /* 4-lab.app */;
			productType = "com.apple.product-type.application";
		};
/* End PBXNativeTarget section */

/* Begin PBXProject section */
		5217E253243F97A00060B8B8 /* Project object */ = {
			isa = PBXProject;
			attributes = {
				LastSwiftUpdateCheck = 1130;
				LastUpgradeCheck = 1130;
				ORGANIZATIONNAME = kbtu;
				TargetAttributes = {
					5217E25A243F97A00060B8B8 = {
						CreatedOnToolsVersion = 11.3.1;
					};
				};
			};
			buildConfigurationList = 5217E256243F97A00060B8B8 /* Build configuration list for PBXProject "4-lab" */;
			compatibilityVersion = "Xcode 9.3";
			developmentRegion = en;
			hasScannedForEncodings = 0;
			knownRegions = (
				en,
				Base,
			);
			mainGroup = 5217E252243F97A00060B8B8;
			productRefGroup = 5217E25C243F97A00060B8B8 /* Products */;
			projectDirPath = "";
			projectRoot = "";
			targets = (
				5217E25A243F97A00060B8B8 /* 4-lab */,
			);
		};
/* End PBXProject section */

/* Begin PBXResourcesBuildPhase section */
		5217E259243F97A00060B8B8 /* Resources */ = {
			isa = PBXResourcesBuildPhase;
			buildActionMask = 2147483647;
			files = (
				5217E26B243F97A10060B8B8 /* LaunchScreen.storyboard in Resources */,
				5217E273243F984C0060B8B8 /* 17.jpg in Resources */,
				5217E268243F97A10060B8B8 /* Assets.xcassets in Resources */,
				5217E266243F97A00060B8B8 /* Main.storyboard in Resources */,
			);
			runOnlyForDeploymentPostprocessing = 0;
		};
/* End PBXResourcesBuildPhase section */

/* Begin PBXSourcesBuildPhase section */
		5217E257243F97A00060B8B8 /* Sources */ = {
			isa = PBXSourcesBuildPhase;
			buildActionMask = 2147483647;
			files = (
				5217E263243F97A00060B8B8 /* ViewController.swift in Sources */,
				5217E25F243F97A00060B8B8 /* AppDelegate.swift in Sources */,
				5217E27924410CE60060B8B8 /* MovieTableViewCell.swift in Sources */,
				522A78FF2444DDFD009291D1 /* DetailService.swift in Sources */,
				5217E27524410C320060B8B8 /* MovieService.swift in Sources */,
				5217E261243F97A00060B8B8 /* SceneDelegate.swift in Sources */,
				5217E27724410C910060B8B8 /* Movie.swift in Sources */,
				5217E27B244110760060B8B8 /* ImageService.swift in Sources */,
				520B51D42444BC77007B4D37 /* DetailViewController.swift in Sources */,
			);
			runOnlyForDeploymentPostprocessing = 0;
		};
/* End PBXSourcesBuildPhase section */

/* Begin PBXVariantGroup section */
		5217E264243F97A00060B8B8 /* Main.storyboard */ = {
			isa = PBXVariantGroup;
			children = (
				5217E265243F97A00060B8B8 /* Base */,
			);
			name = Main.storyboard;
			sourceTree = "<group>";
		};
		5217E269243F97A10060B8B8 /* LaunchScreen.storyboard */ = {
			isa = PBXVariantGroup;
			children = (
				5217E26A243F97A10060B8B8 /* Base */,
			);
			name = LaunchScreen.storyboard;
			sourceTree = "<group>";
		};
/* End PBXVariantGroup section */

/* Begin XCBuildConfiguration section */
		5217E26D243F97A10060B8B8 /* Debug */ = {
			isa = XCBuildConfiguration;
			buildSettings = {
				ALWAYS_SEARCH_USER_PATHS = NO;
				CLANG_ANALYZER_NONNULL = YES;
				CLANG_ANALYZER_NUMBER_OBJECT_CONVERSION = YES_AGGRESSIVE;
				CLANG_CXX_LANGUAGE_STANDARD = "gnu++14";
				CLANG_CXX_LIBRARY = "libc++";
				CLANG_ENABLE_MODULES = YES;
				CLANG_ENABLE_OBJC_ARC = YES;
				CLANG_ENABLE_OBJC_WEAK = YES;
				CLANG_WARN_BLOCK_CAPTURE_AUTORELEASING = YES;
				CLANG_WARN_BOOL_CONVERSION = YES;
				CLANG_WARN_COMMA = YES;
				CLANG_WARN_CONSTANT_CONVERSION = YES;
				CLANG_WARN_DEPRECATED_OBJC_IMPLEMENTATIONS = YES;
				CLANG_WARN_DIRECT_OBJC_ISA_USAGE = YES_ERROR;
				CLANG_WARN_DOCUMENTATION_COMMENTS = YES;
				CLANG_WARN_EMPTY_BODY = YES;
				CLANG_WARN_ENUM_CONVERSION = YES;
				CLANG_WARN_INFINITE_RECURSION = YES;
				CLANG_WARN_INT_CONVERSION = YES;
				CLANG_WARN_NON_LITERAL_NULL_CONVERSION = YES;
				CLANG_WARN_OBJC_IMPLICIT_RETAIN_SELF = YES;
				CLANG_WARN_OBJC_LITERAL_CONVERSION = YES;
				CLANG_WARN_OBJC_ROOT_CLASS = YES_ERROR;
				CLANG_WARN_RANGE_LOOP_ANALYSIS = YES;
				CLANG_WARN_STRICT_PROTOTYPES = YES;
				CLANG_WARN_SUSPICIOUS_MOVE = YES;
				CLANG_WARN_UNGUARDED_AVAILABILITY = YES_AGGRESSIVE;
				CLANG_WARN_UNREACHABLE_CODE = YES;
				CLANG_WARN__DUPLICATE_METHOD_MATCH = YES;
				COPY_PHASE_STRIP = NO;
				DEBUG_INFORMATION_FORMAT = dwarf;
				ENABLE_STRICT_OBJC_MSGSEND = YES;
				ENABLE_TESTABILITY = YES;
				GCC_C_LANGUAGE_STANDARD = gnu11;
				GCC_DYNAMIC_NO_PIC = NO;
				GCC_NO_COMMON_BLOCKS = YES;
				GCC_OPTIMIZATION_LEVEL = 0;
				GCC_PREPROCESSOR_DEFINITIONS = (
					"DEBUG=1",
					"$(inherited)",
				);
				GCC_WARN_64_TO_32_BIT_CONVERSION = YES;
				GCC_WARN_ABOUT_RETURN_TYPE = YES_ERROR;
				GCC_WARN_UNDECLARED_SELECTOR = YES;
				GCC_WARN_UNINITIALIZED_AUTOS = YES_AGGRESSIVE;
				GCC_WARN_UNUSED_FUNCTION = YES;
				GCC_WARN_UNUSED_VARIABLE = YES;
				IPHONEOS_DEPLOYMENT_TARGET = 13.2;
				MTL_ENABLE_DEBUG_INFO = INCLUDE_SOURCE;
				MTL_FAST_MATH = YES;
				ONLY_ACTIVE_ARCH = YES;
				SDKROOT = iphoneos;
				SWIFT_ACTIVE_COMPILATION_CONDITIONS = DEBUG;
				SWIFT_OPTIMIZATION_LEVEL = "-Onone";
			};
			name = Debug;
		};
		5217E26E243F97A10060B8B8 /* Release */ = {
			isa = XCBuildConfiguration;
			buildSettings = {
				ALWAYS_SEARCH_USER_PATHS = NO;
				CLANG_ANALYZER_NONNULL = YES;
				CLANG_ANALYZER_NUMBER_OBJECT_CONVERSION = YES_AGGRESSIVE;
				CLANG_CXX_LANGUAGE_STANDARD = "gnu++14";
				CLANG_CXX_LIBRARY = "libc++";
				CLANG_ENABLE_MODULES = YES;
				CLANG_ENABLE_OBJC_ARC = YES;
				CLANG_ENABLE_OBJC_WEAK = YES;
				CLANG_WARN_BLOCK_CAPTURE_AUTORELEASING = YES;
				CLANG_WARN_BOOL_CONVERSION = YES;
				CLANG_WARN_COMMA = YES;
				CLANG_WARN_CONSTANT_CONVERSION = YES;
				CLANG_WARN_DEPRECATED_OBJC_IMPLEMENTATIONS = YES;
				CLANG_WARN_DIRECT_OBJC_ISA_USAGE = YES_ERROR;
				CLANG_WARN_DOCUMENTATION_COMMENTS = YES;
				CLANG_WARN_EMPTY_BODY = YES;
				CLANG_WARN_ENUM_CONVERSION = YES;
				CLANG_WARN_INFINITE_RECURSION = YES;
				CLANG_WARN_INT_CONVERSION = YES;
				CLANG_WARN_NON_LITERAL_NULL_CONVERSION = YES;
				CLANG_WARN_OBJC_IMPLICIT_RETAIN_SELF = YES;
				CLANG_WARN_OBJC_LITERAL_CONVERSION = YES;
				CLANG_WARN_OBJC_ROOT_CLASS = YES_ERROR;
				CLANG_WARN_RANGE_LOOP_ANALYSIS = YES;
				CLANG_WARN_STRICT_PROTOTYPES = YES;
				CLANG_WARN_SUSPICIOUS_MOVE = YES;
				CLANG_WARN_UNGUARDED_AVAILABILITY = YES_AGGRESSIVE;
				CLANG_WARN_UNREACHABLE_CODE = YES;
				CLANG_WARN__DUPLICATE_METHOD_MATCH = YES;
				COPY_PHASE_STRIP = NO;
				DEBUG_INFORMATION_FORMAT = "dwarf-with-dsym";
				ENABLE_NS_ASSERTIONS = NO;
				ENABLE_STRICT_OBJC_MSGSEND = YES;
				GCC_C_LANGUAGE_STANDARD = gnu11;
				GCC_NO_COMMON_BLOCKS = YES;
				GCC_WARN_64_TO_32_BIT_CONVERSION = YES;
				GCC_WARN_ABOUT_RETURN_TYPE = YES_ERROR;
				GCC_WARN_UNDECLARED_SELECTOR = YES;
				GCC_WARN_UNINITIALIZED_AUTOS = YES_AGGRESSIVE;
				GCC_WARN_UNUSED_FUNCTION = YES;
				GCC_WARN_UNUSED_VARIABLE = YES;
				IPHONEOS_DEPLOYMENT_TARGET = 13.2;
				MTL_ENABLE_DEBUG_INFO = NO;
				MTL_FAST_MATH = YES;
				SDKROOT = iphoneos;
				SWIFT_COMPILATION_MODE = wholemodule;
				SWIFT_OPTIMIZATION_LEVEL = "-O";
				VALIDATE_PRODUCT = YES;
			};
			name = Release;
		};
		5217E270243F97A10060B8B8 /* Debug */ = {
			isa = XCBuildConfiguration;
			buildSettings = {
				ASSETCATALOG_COMPILER_APPICON_NAME = AppIcon;
				CODE_SIGN_STYLE = Automatic;
				INFOPLIST_FILE = "4-lab/Info.plist";
				LD_RUNPATH_SEARCH_PATHS = (
					"$(inherited)",
					"@executable_path/Frameworks",
				);
				PRODUCT_BUNDLE_IDENTIFIER = "edu.kbtu.--lab";
				PRODUCT_NAME = "$(TARGET_NAME)";
				SWIFT_VERSION = 5.0;
				TARGETED_DEVICE_FAMILY = "1,2";
			};
			name = Debug;
		};
		5217E271243F97A10060B8B8 /* Release */ = {
			isa = XCBuildConfiguration;
			buildSettings = {
				ASSETCATALOG_COMPILER_APPICON_NAME = AppIcon;
				CODE_SIGN_STYLE = Automatic;
				INFOPLIST_FILE = "4-lab/Info.plist";
				LD_RUNPATH_SEARCH_PATHS = (
					"$(inherited)",
					"@executable_path/Frameworks",
				);
				PRODUCT_BUNDLE_IDENTIFIER = "edu.kbtu.--lab";
				PRODUCT_NAME = "$(TARGET_NAME)";
				SWIFT_VERSION = 5.0;
				TARGETED_DEVICE_FAMILY = "1,2";
			};
			name = Release;
		};
/* End XCBuildConfiguration section */

/* Begin XCConfigurationList section */
		5217E256243F97A00060B8B8 /* Build configuration list for PBXProject "4-lab" */ = {
			isa = XCConfigurationList;
			buildConfigurations = (
				5217E26D243F97A10060B8B8 /* Debug */,
				5217E26E243F97A10060B8B8 /* Release */,
			);
			defaultConfigurationIsVisible = 0;
			defaultConfigurationName = Release;
		};
		5217E26F243F97A10060B8B8 /* Build configuration list for PBXNativeTarget "4-lab" */ = {
			isa = XCConfigurationList;
			buildConfigurations = (
				5217E270243F97A10060B8B8 /* Debug */,
				5217E271243F97A10060B8B8 /* Release */,
			);
			defaultConfigurationIsVisible = 0;
			defaultConfigurationName = Release;
		};
/* End XCConfigurationList section */
	};
	rootObject = 5217E253243F97A00060B8B8 /* Project object */;
}
